// !$*UTF8*$!
{
	archiveVersion = 1;
	classes = {
	};
	objectVersion = 51;
	objects = {

/* Begin PBXBuildFile section */
		74509575253435EF00F0B8DA /* RepositoryListVC.swift in Sources */ = {isa = PBXBuildFile; fileRef = 74509574253435EF00F0B8DA /* RepositoryListVC.swift */; };
		745095772534394600F0B8DA /* Extensions.swift in Sources */ = {isa = PBXBuildFile; fileRef = 745095762534394600F0B8DA /* Extensions.swift */; };
		746CCD1925344C72009FF3C8 /* RepositoryCell.swift in Sources */ = {isa = PBXBuildFile; fileRef = 746CCD1825344C72009FF3C8 /* RepositoryCell.swift */; };
		746CCD1B2534B3FD009FF3C8 /* Constants.swift in Sources */ = {isa = PBXBuildFile; fileRef = 746CCD1A2534B3FD009FF3C8 /* Constants.swift */; };
		746CCD1D25356437009FF3C8 /* Repository.swift in Sources */ = {isa = PBXBuildFile; fileRef = 746CCD1C25356437009FF3C8 /* Repository.swift */; };
		746CCD1F2535671B009FF3C8 /* Service.swift in Sources */ = {isa = PBXBuildFile; fileRef = 746CCD1E2535671B009FF3C8 /* Service.swift */; };
		74D4422125341EA8003E8C93 /* AppDelegate.swift in Sources */ = {isa = PBXBuildFile; fileRef = 74D4422025341EA8003E8C93 /* AppDelegate.swift */; };
		74D4422325341EA8003E8C93 /* SceneDelegate.swift in Sources */ = {isa = PBXBuildFile; fileRef = 74D4422225341EA8003E8C93 /* SceneDelegate.swift */; };
		74D4422A25341EAB003E8C93 /* Assets.xcassets in Resources */ = {isa = PBXBuildFile; fileRef = 74D4422925341EAB003E8C93 /* Assets.xcassets */; };
		74D4422D25341EAB003E8C93 /* LaunchScreen.storyboard in Resources */ = {isa = PBXBuildFile; fileRef = 74D4422B25341EAB003E8C93 /* LaunchScreen.storyboard */; };
		9EF8C947EFA642F9A8C159FF /* Pods_Starred_Repositories.framework in Frameworks */ = {isa = PBXBuildFile; fileRef = B5155DEB1DD2BBAE43D0DDB2 /* Pods_Starred_Repositories.framework */; };
/* End PBXBuildFile section */

/* Begin PBXFileReference section */
		74509574253435EF00F0B8DA /* RepositoryListVC.swift */ = {isa = PBXFileReference; lastKnownFileType = sourcecode.swift; path = RepositoryListVC.swift; sourceTree = "<group>"; };
		745095762534394600F0B8DA /* Extensions.swift */ = {isa = PBXFileReference; lastKnownFileType = sourcecode.swift; path = Extensions.swift; sourceTree = "<group>"; };
		746CCD1825344C72009FF3C8 /* RepositoryCell.swift */ = {isa = PBXFileReference; lastKnownFileType = sourcecode.swift; path = RepositoryCell.swift; sourceTree = "<group>"; };
		746CCD1A2534B3FD009FF3C8 /* Constants.swift */ = {isa = PBXFileReference; lastKnownFileType = sourcecode.swift; path = Constants.swift; sourceTree = "<group>"; };
		746CCD1C25356437009FF3C8 /* Repository.swift */ = {isa = PBXFileReference; lastKnownFileType = sourcecode.swift; path = Repository.swift; sourceTree = "<group>"; };
		746CCD1E2535671B009FF3C8 /* Service.swift */ = {isa = PBXFileReference; lastKnownFileType = sourcecode.swift; path = Service.swift; sourceTree = "<group>"; };
		74D4421D25341EA8003E8C93 /* SR.app */ = {isa = PBXFileReference; explicitFileType = wrapper.application; includeInIndex = 0; path = SR.app; sourceTree = BUILT_PRODUCTS_DIR; };
		74D4422025341EA8003E8C93 /* AppDelegate.swift */ = {isa = PBXFileReference; lastKnownFileType = sourcecode.swift; path = AppDelegate.swift; sourceTree = "<group>"; };
		74D4422225341EA8003E8C93 /* SceneDelegate.swift */ = {isa = PBXFileReference; lastKnownFileType = sourcecode.swift; path = SceneDelegate.swift; sourceTree = "<group>"; };
		74D4422925341EAB003E8C93 /* Assets.xcassets */ = {isa = PBXFileReference; lastKnownFileType = folder.assetcatalog; path = Assets.xcassets; sourceTree = "<group>"; };
		74D4422C25341EAB003E8C93 /* Base */ = {isa = PBXFileReference; lastKnownFileType = file.storyboard; name = Base; path = Base.lproj/LaunchScreen.storyboard; sourceTree = "<group>"; };
		74D4422E25341EAB003E8C93 /* Info.plist */ = {isa = PBXFileReference; lastKnownFileType = text.plist.xml; path = Info.plist; sourceTree = "<group>"; };
		94CE7363E290F3F331782E93 /* Pods-Starred-Repositories.release.xcconfig */ = {isa = PBXFileReference; includeInIndex = 1; lastKnownFileType = text.xcconfig; name = "Pods-Starred-Repositories.release.xcconfig"; path = "Target Support Files/Pods-Starred-Repositories/Pods-Starred-Repositories.release.xcconfig"; sourceTree = "<group>"; };
		B5155DEB1DD2BBAE43D0DDB2 /* Pods_Starred_Repositories.framework */ = {isa = PBXFileReference; explicitFileType = wrapper.framework; includeInIndex = 0; path = Pods_Starred_Repositories.framework; sourceTree = BUILT_PRODUCTS_DIR; };
		C9A6EB35BB17A5FEABA1D0A8 /* Pods-Starred-Repositories.debug.xcconfig */ = {isa = PBXFileReference; includeInIndex = 1; lastKnownFileType = text.xcconfig; name = "Pods-Starred-Repositories.debug.xcconfig"; path = "Target Support Files/Pods-Starred-Repositories/Pods-Starred-Repositories.debug.xcconfig"; sourceTree = "<group>"; };
/* End PBXFileReference section */

/* Begin PBXFrameworksBuildPhase section */
		74D4421A25341EA8003E8C93 /* Frameworks */ = {
			isa = PBXFrameworksBuildPhase;
			buildActionMask = 2147483647;
			files = (
				9EF8C947EFA642F9A8C159FF /* Pods_Starred_Repositories.framework in Frameworks */,
			);
			runOnlyForDeploymentPostprocessing = 0;
		};
/* End PBXFrameworksBuildPhase section */

/* Begin PBXGroup section */
		1AF09A1B76FAB73D1EEDB3CC /* Frameworks */ = {
			isa = PBXGroup;
			children = (
				B5155DEB1DD2BBAE43D0DDB2 /* Pods_Starred_Repositories.framework */,
			);
			name = Frameworks;
			sourceTree = "<group>";
		};
		7450956F2534241300F0B8DA /* Model */ = {
			isa = PBXGroup;
			children = (
				746CCD1A2534B3FD009FF3C8 /* Constants.swift */,
				746CCD1C25356437009FF3C8 /* Repository.swift */,
			);
			path = Model;
			sourceTree = "<group>";
		};
		745095702534241E00F0B8DA /* View */ = {
			isa = PBXGroup;
			children = (
				746CCD1825344C72009FF3C8 /* RepositoryCell.swift */,
			);
			path = View;
			sourceTree = "<group>";
		};
		745095712534242400F0B8DA /* Controller */ = {
			isa = PBXGroup;
			children = (
				74D4422025341EA8003E8C93 /* AppDelegate.swift */,
				74D4422225341EA8003E8C93 /* SceneDelegate.swift */,
				74509574253435EF00F0B8DA /* RepositoryListVC.swift */,
			);
			path = Controller;
			sourceTree = "<group>";
		};
		745095722534244D00F0B8DA /* Service */ = {
			isa = PBXGroup;
			children = (
				746CCD1E2535671B009FF3C8 /* Service.swift */,
			);
			path = Service;
			sourceTree = "<group>";
		};
		745095732534245700F0B8DA /* Utils */ = {
			isa = PBXGroup;
			children = (
				745095762534394600F0B8DA /* Extensions.swift */,
			);
			path = Utils;
			sourceTree = "<group>";
		};
		74D4421425341EA8003E8C93 = {
			isa = PBXGroup;
			children = (
				74D4421F25341EA8003E8C93 /* Starred-Repositories */,
				74D4421E25341EA8003E8C93 /* Products */,
				A5A6697274960E540A15EE01 /* Pods */,
				1AF09A1B76FAB73D1EEDB3CC /* Frameworks */,
			);
			sourceTree = "<group>";
		};
		74D4421E25341EA8003E8C93 /* Products */ = {
			isa = PBXGroup;
			children = (
				74D4421D25341EA8003E8C93 /* SR.app */,
			);
			name = Products;
			sourceTree = "<group>";
		};
		74D4421F25341EA8003E8C93 /* Starred-Repositories */ = {
			isa = PBXGroup;
			children = (
				7450956F2534241300F0B8DA /* Model */,
				745095702534241E00F0B8DA /* View */,
				745095712534242400F0B8DA /* Controller */,
				745095722534244D00F0B8DA /* Service */,
				745095732534245700F0B8DA /* Utils */,
				74D4422925341EAB003E8C93 /* Assets.xcassets */,
				74D4422B25341EAB003E8C93 /* LaunchScreen.storyboard */,
				74D4422E25341EAB003E8C93 /* Info.plist */,
			);
			path = "Starred-Repositories";
			sourceTree = "<group>";
		};
		A5A6697274960E540A15EE01 /* Pods */ = {
			isa = PBXGroup;
			children = (
				C9A6EB35BB17A5FEABA1D0A8 /* Pods-Starred-Repositories.debug.xcconfig */,
				94CE7363E290F3F331782E93 /* Pods-Starred-Repositories.release.xcconfig */,
			);
			path = Pods;
			sourceTree = "<group>";
		};
/* End PBXGroup section */

/* Begin PBXNativeTarget section */
		74D4421C25341EA8003E8C93 /* Starred-Repositories */ = {
			isa = PBXNativeTarget;
			buildConfigurationList = 74D4423125341EAB003E8C93 /* Build configuration list for PBXNativeTarget "Starred-Repositories" */;
			buildPhases = (
				1AAC9854E584BC9192EE96F5 /* [CP] Check Pods Manifest.lock */,
				74D4421925341EA8003E8C93 /* Sources */,
				74D4421A25341EA8003E8C93 /* Frameworks */,
				74D4421B25341EA8003E8C93 /* Resources */,
				5066F4D79554EA16CD7E43DE /* [CP] Embed Pods Frameworks */,
			);
			buildRules = (
			);
			dependencies = (
			);
			name = "Starred-Repositories";
			productName = "handslab-project";
			productReference = 74D4421D25341EA8003E8C93 /* SR.app */;
			productType = "com.apple.product-type.application";
		};
/* End PBXNativeTarget section */

/* Begin PBXProject section */
		74D4421525341EA8003E8C93 /* Project object */ = {
			isa = PBXProject;
			attributes = {
				LastSwiftUpdateCheck = 1140;
				LastUpgradeCheck = 1140;
				ORGANIZATIONNAME = "Yuya Harada";
				TargetAttributes = {
					74D4421C25341EA8003E8C93 = {
						CreatedOnToolsVersion = 11.4.1;
					};
				};
			};
			buildConfigurationList = 74D4421825341EA8003E8C93 /* Build configuration list for PBXProject "Starred-Repositories" */;
			compatibilityVersion = "Xcode 9.3";
			developmentRegion = en;
			hasScannedForEncodings = 0;
			knownRegions = (
				en,
				Base,
			);
			mainGroup = 74D4421425341EA8003E8C93;
			productRefGroup = 74D4421E25341EA8003E8C93 /* Products */;
			projectDirPath = "";
			projectRoot = "";
			targets = (
				74D4421C25341EA8003E8C93 /* Starred-Repositories */,
			);
		};
/* End PBXProject section */

/* Begin PBXResourcesBuildPhase section */
		74D4421B25341EA8003E8C93 /* Resources */ = {
			isa = PBXResourcesBuildPhase;
			buildActionMask = 2147483647;
			files = (
				74D4422D25341EAB003E8C93 /* LaunchScreen.storyboard in Resources */,
				74D4422A25341EAB003E8C93 /* Assets.xcassets in Resources */,
			);
			runOnlyForDeploymentPostprocessing = 0;
		};
/* End PBXResourcesBuildPhase section */

/* Begin PBXShellScriptBuildPhase section */
		1AAC9854E584BC9192EE96F5 /* [CP] Check Pods Manifest.lock */ = {
			isa = PBXShellScriptBuildPhase;
			buildActionMask = 2147483647;
			files = (
			);
			inputFileListPaths = (
			);
			inputPaths = (
				"${PODS_PODFILE_DIR_PATH}/Podfile.lock",
				"${PODS_ROOT}/Manifest.lock",
			);
			name = "[CP] Check Pods Manifest.lock";
			outputFileListPaths = (
			);
			outputPaths = (
				"$(DERIVED_FILE_DIR)/Pods-Starred-Repositories-checkManifestLockResult.txt",
			);
			runOnlyForDeploymentPostprocessing = 0;
			shellPath = /bin/sh;
			shellScript = "diff \"${PODS_PODFILE_DIR_PATH}/Podfile.lock\" \"${PODS_ROOT}/Manifest.lock\" > /dev/null\nif [ $? != 0 ] ; then\n    # print error to STDERR\n    echo \"error: The sandbox is not in sync with the Podfile.lock. Run 'pod install' or update your CocoaPods installation.\" >&2\n    exit 1\nfi\n# This output is used by Xcode 'outputs' to avoid re-running this script phase.\necho \"SUCCESS\" > \"${SCRIPT_OUTPUT_FILE_0}\"\n";
			showEnvVarsInLog = 0;
		};
		5066F4D79554EA16CD7E43DE /* [CP] Embed Pods Frameworks */ = {
			isa = PBXShellScriptBuildPhase;
			buildActionMask = 2147483647;
			files = (
			);
			inputFileListPaths = (
				"${PODS_ROOT}/Target Support Files/Pods-Starred-Repositories/Pods-Starred-Repositories-frameworks-${CONFIGURATION}-input-files.xcfilelist",
			);
			name = "[CP] Embed Pods Frameworks";
			outputFileListPaths = (
				"${PODS_ROOT}/Target Support Files/Pods-Starred-Repositories/Pods-Starred-Repositories-frameworks-${CONFIGURATION}-output-files.xcfilelist",
			);
			runOnlyForDeploymentPostprocessing = 0;
			shellPath = /bin/sh;
			shellScript = "\"${PODS_ROOT}/Target Support Files/Pods-Starred-Repositories/Pods-Starred-Repositories-frameworks.sh\"\n";
			showEnvVarsInLog = 0;
		};
/* End PBXShellScriptBuildPhase section */

/* Begin PBXSourcesBuildPhase section */
		74D4421925341EA8003E8C93 /* Sources */ = {
			isa = PBXSourcesBuildPhase;
			buildActionMask = 2147483647;
			files = (
				746CCD1D25356437009FF3C8 /* Repository.swift in Sources */,
				746CCD1F2535671B009FF3C8 /* Service.swift in Sources */,
				746CCD1925344C72009FF3C8 /* RepositoryCell.swift in Sources */,
				74509575253435EF00F0B8DA /* RepositoryListVC.swift in Sources */,
				74D4422125341EA8003E8C93 /* AppDelegate.swift in Sources */,
				74D4422325341EA8003E8C93 /* SceneDelegate.swift in Sources */,
				745095772534394600F0B8DA /* Extensions.swift in Sources */,
				746CCD1B2534B3FD009FF3C8 /* Constants.swift in Sources */,
			);
			runOnlyForDeploymentPostprocessing = 0;
		};
/* End PBXSourcesBuildPhase section */

/* Begin PBXVariantGroup section */
		74D4422B25341EAB003E8C93 /* LaunchScreen.storyboard */ = {
			isa = PBXVariantGroup;
			children = (
				74D4422C25341EAB003E8C93 /* Base */,
			);
			name = LaunchScreen.storyboard;
			sourceTree = "<group>";
		};
/* End PBXVariantGroup section */

/* Begin XCBuildConfiguration section */
		74D4422F25341EAB003E8C93 /* Debug */ = {
			isa = XCBuildConfiguration;
			buildSettings = {
				ALWAYS_SEARCH_USER_PATHS = NO;
				CLANG_ANALYZER_NONNULL = YES;
				CLANG_ANALYZER_NUMBER_OBJECT_CONVERSION = YES_AGGRESSIVE;
				CLANG_CXX_LANGUAGE_STANDARD = "gnu++14";
				CLANG_CXX_LIBRARY = "libc++";
				CLANG_ENABLE_MODULES = YES;
				CLANG_ENABLE_OBJC_ARC = YES;
				CLANG_ENABLE_OBJC_WEAK = YES;
				CLANG_WARN_BLOCK_CAPTURE_AUTORELEASING = YES;
				CLANG_WARN_BOOL_CONVERSION = YES;
				CLANG_WARN_COMMA = YES;
				CLANG_WARN_CONSTANT_CONVERSION = YES;
				CLANG_WARN_DEPRECATED_OBJC_IMPLEMENTATIONS = YES;
				CLANG_WARN_DIRECT_OBJC_ISA_USAGE = YES_ERROR;
				CLANG_WARN_DOCUMENTATION_COMMENTS = YES;
				CLANG_WARN_EMPTY_BODY = YES;
				CLANG_WARN_ENUM_CONVERSION = YES;
				CLANG_WARN_INFINITE_RECURSION = YES;
				CLANG_WARN_INT_CONVERSION = YES;
				CLANG_WARN_NON_LITERAL_NULL_CONVERSION = YES;
				CLANG_WARN_OBJC_IMPLICIT_RETAIN_SELF = YES;
				CLANG_WARN_OBJC_LITERAL_CONVERSION = YES;
				CLANG_WARN_OBJC_ROOT_CLASS = YES_ERROR;
				CLANG_WARN_RANGE_LOOP_ANALYSIS = YES;
				CLANG_WARN_STRICT_PROTOTYPES = YES;
				CLANG_WARN_SUSPICIOUS_MOVE = YES;
				CLANG_WARN_UNGUARDED_AVAILABILITY = YES_AGGRESSIVE;
				CLANG_WARN_UNREACHABLE_CODE = YES;
				CLANG_WARN__DUPLICATE_METHOD_MATCH = YES;
				COPY_PHASE_STRIP = NO;
				DEBUG_INFORMATION_FORMAT = dwarf;
				ENABLE_STRICT_OBJC_MSGSEND = YES;
				ENABLE_TESTABILITY = YES;
				GCC_C_LANGUAGE_STANDARD = gnu11;
				GCC_DYNAMIC_NO_PIC = NO;
				GCC_NO_COMMON_BLOCKS = YES;
				GCC_OPTIMIZATION_LEVEL = 0;
				GCC_PREPROCESSOR_DEFINITIONS = (
					"DEBUG=1",
					"$(inherited)",
				);
				GCC_WARN_64_TO_32_BIT_CONVERSION = YES;
				GCC_WARN_ABOUT_RETURN_TYPE = YES_ERROR;
				GCC_WARN_UNDECLARED_SELECTOR = YES;
				GCC_WARN_UNINITIALIZED_AUTOS = YES_AGGRESSIVE;
				GCC_WARN_UNUSED_FUNCTION = YES;
				GCC_WARN_UNUSED_VARIABLE = YES;
				IPHONEOS_DEPLOYMENT_TARGET = 13.4;
				MTL_ENABLE_DEBUG_INFO = INCLUDE_SOURCE;
				MTL_FAST_MATH = YES;
				ONLY_ACTIVE_ARCH = YES;
				SDKROOT = iphoneos;
				SWIFT_ACTIVE_COMPILATION_CONDITIONS = DEBUG;
				SWIFT_OPTIMIZATION_LEVEL = "-Onone";
			};
			name = Debug;
		};
		74D4423025341EAB003E8C93 /* Release */ = {
			isa = XCBuildConfiguration;
			buildSettings = {
				ALWAYS_SEARCH_USER_PATHS = NO;
				CLANG_ANALYZER_NONNULL = YES;
				CLANG_ANALYZER_NUMBER_OBJECT_CONVERSION = YES_AGGRESSIVE;
				CLANG_CXX_LANGUAGE_STANDARD = "gnu++14";
				CLANG_CXX_LIBRARY = "libc++";
				CLANG_ENABLE_MODULES = YES;
				CLANG_ENABLE_OBJC_ARC = YES;
				CLANG_ENABLE_OBJC_WEAK = YES;
				CLANG_WARN_BLOCK_CAPTURE_AUTORELEASING = YES;
				CLANG_WARN_BOOL_CONVERSION = YES;
				CLANG_WARN_COMMA = YES;
				CLANG_WARN_CONSTANT_CONVERSION = YES;
				CLANG_WARN_DEPRECATED_OBJC_IMPLEMENTATIONS = YES;
				CLANG_WARN_DIRECT_OBJC_ISA_USAGE = YES_ERROR;
				CLANG_WARN_DOCUMENTATION_COMMENTS = YES;
				CLANG_WARN_EMPTY_BODY = YES;
				CLANG_WARN_ENUM_CONVERSION = YES;
				CLANG_WARN_INFINITE_RECURSION = YES;
				CLANG_WARN_INT_CONVERSION = YES;
				CLANG_WARN_NON_LITERAL_NULL_CONVERSION = YES;
				CLANG_WARN_OBJC_IMPLICIT_RETAIN_SELF = YES;
				CLANG_WARN_OBJC_LITERAL_CONVERSION = YES;
				CLANG_WARN_OBJC_ROOT_CLASS = YES_ERROR;
				CLANG_WARN_RANGE_LOOP_ANALYSIS = YES;
				CLANG_WARN_STRICT_PROTOTYPES = YES;
				CLANG_WARN_SUSPICIOUS_MOVE = YES;
				CLANG_WARN_UNGUARDED_AVAILABILITY = YES_AGGRESSIVE;
				CLANG_WARN_UNREACHABLE_CODE = YES;
				CLANG_WARN__DUPLICATE_METHOD_MATCH = YES;
				COPY_PHASE_STRIP = NO;
				DEBUG_INFORMATION_FORMAT = "dwarf-with-dsym";
				ENABLE_NS_ASSERTIONS = NO;
				ENABLE_STRICT_OBJC_MSGSEND = YES;
				GCC_C_LANGUAGE_STANDARD = gnu11;
				GCC_NO_COMMON_BLOCKS = YES;
				GCC_WARN_64_TO_32_BIT_CONVERSION = YES;
				GCC_WARN_ABOUT_RETURN_TYPE = YES_ERROR;
				GCC_WARN_UNDECLARED_SELECTOR = YES;
				GCC_WARN_UNINITIALIZED_AUTOS = YES_AGGRESSIVE;
				GCC_WARN_UNUSED_FUNCTION = YES;
				GCC_WARN_UNUSED_VARIABLE = YES;
				IPHONEOS_DEPLOYMENT_TARGET = 13.4;
				MTL_ENABLE_DEBUG_INFO = NO;
				MTL_FAST_MATH = YES;
				SDKROOT = iphoneos;
				SWIFT_COMPILATION_MODE = wholemodule;
				SWIFT_OPTIMIZATION_LEVEL = "-O";
				VALIDATE_PRODUCT = YES;
			};
			name = Release;
		};
		74D4423225341EAB003E8C93 /* Debug */ = {
			isa = XCBuildConfiguration;
			baseConfigurationReference = C9A6EB35BB17A5FEABA1D0A8 /* Pods-Starred-Repositories.debug.xcconfig */;
			buildSettings = {
				ASSETCATALOG_COMPILER_APPICON_NAME = AppIcon;
				CODE_SIGN_STYLE = Automatic;
				DEVELOPMENT_TEAM = QH2TRFJ5GF;
				INFOPLIST_FILE = "Starred-Repositories/Info.plist";
				LD_RUNPATH_SEARCH_PATHS = (
					"$(inherited)",
					"@executable_path/Frameworks",
				);
				PRODUCT_BUNDLE_IDENTIFIER = "com.yuyaharada.Starred-Repositories";
				PRODUCT_NAME = SR;
				SWIFT_VERSION = 5.0;
				TARGETED_DEVICE_FAMILY = 1;
			};
			name = Debug;
		};
		74D4423325341EAB003E8C93 /* Release */ = {
			isa = XCBuildConfiguration;
			baseConfigurationReference = 94CE7363E290F3F331782E93 /* Pods-Starred-Repositories.release.xcconfig */;
			buildSettings = {
				ASSETCATALOG_COMPILER_APPICON_NAME = AppIcon;
				CODE_SIGN_STYLE = Automatic;
				DEVELOPMENT_TEAM = QH2TRFJ5GF;
				INFOPLIST_FILE = "Starred-Repositories/Info.plist";
				LD_RUNPATH_SEARCH_PATHS = (
					"$(inherited)",
					"@executable_path/Frameworks",
				);
				PRODUCT_BUNDLE_IDENTIFIER = "com.yuyaharada.Starred-Repositories";
				PRODUCT_NAME = SR;
				SWIFT_VERSION = 5.0;
				TARGETED_DEVICE_FAMILY = 1;
			};
			name = Release;
		};
/* End XCBuildConfiguration section */

/* Begin XCConfigurationList section */
		74D4421825341EA8003E8C93 /* Build configuration list for PBXProject "Starred-Repositories" */ = {
			isa = XCConfigurationList;
			buildConfigurations = (
				74D4422F25341EAB003E8C93 /* Debug */,
				74D4423025341EAB003E8C93 /* Release */,
			);
			defaultConfigurationIsVisible = 0;
			defaultConfigurationName = Release;
		};
		74D4423125341EAB003E8C93 /* Build configuration list for PBXNativeTarget "Starred-Repositories" */ = {
			isa = XCConfigurationList;
			buildConfigurations = (
				74D4423225341EAB003E8C93 /* Debug */,
				74D4423325341EAB003E8C93 /* Release */,
			);
			defaultConfigurationIsVisible = 0;
			defaultConfigurationName = Release;
		};
/* End XCConfigurationList section */
	};
	rootObject = 74D4421525341EA8003E8C93 /* Project object */;
}
